dependencies:
- name: postgresql
  repository: oci://registry-1.docker.io/bitnamicharts
  version: 13.4.3
- name: cnpgdb
  repository: https://camaeel.github.io/helm-charts/
  version: 0.1.0
digest: sha256:eef82699c76c61993ee4e046b091bb753690f0abc0730d2bf1a47bc64456c155
generated: "2024-01-31T23:40:31.834661+01:00"
